
Microsoft Visual Studio Solution File, Format Version 12.00
# Visual Studio Version 17
VisualStudioVersion = 17.7.34221.43
MinimumVisualStudioVersion = 10.0.40219.1
Project("{FAE04EC0-301F-11D3-BF4B-00C04F79EFBC}") = "WebAppServersDb", "WebAppServersDb\WebAppServersDb.csproj", "{9B0821B8-3025-4339-916B-5A54B393000A}"
EndProject
Global
	GlobalSection(SolutionConfigurationPlatforms) = preSolution
		Debug|Any CPU = Debug|Any CPU
		Release|Any CPU = Release|Any CPU
	EndGlobalSection
	GlobalSection(ProjectConfigurationPlatforms) = postSolution
		{9B0821B8-3025-4339-916B-5A54B393000A}.Debug|Any CPU.ActiveCfg = Debug|Any CPU
		{9B0821B8-3025-4339-916B-5A54B393000A}.Debug|Any CPU.Build.0 = Debug|Any CPU
		{9B0821B8-3025-4339-916B-5A54B393000A}.Release|Any CPU.ActiveCfg = Release|Any CPU
		{9B0821B8-3025-4339-916B-5A54B393000A}.Release|Any CPU.Build.0 = Release|Any CPU
	EndGlobalSection
	GlobalSection(SolutionProperties) = preSolution
		HideSolutionNode = FALSE
	EndGlobalSection
	GlobalSection(ExtensibilityGlobals) = postSolution
		SolutionGuid = {05AB84D0-3CC8-4100-A01C-58C47C5CE72C}
	EndGlobalSection
EndGlobal
